
Microsoft Visual Studio Solution File, Format Version 12.00
# Visual Studio 15
VisualStudioVersion = 15.0.26430.15
MinimumVisualStudioVersion = 10.0.40219.1
Project("{8BC9CEB8-8B4A-11D0-8D11-00A0C91BC942}") = "MCP3008-Tests", "MCP3008-Tests\MCP3008-Tests.vcxproj", "{C19D1FA8-F617-4002-94BA-866DB4538ED3}"
EndProject
Project("{8BC9CEB8-8B4A-11D0-8D11-00A0C91BC942}") = "ADCDriver", "..\ADCDriver\ADCDriver.vcxproj", "{7BDEB620-896B-44C6-A28F-E791C4792872}"
EndProject
Global
	GlobalSection(SolutionConfigurationPlatforms) = preSolution
		Debug|x64 = Debug|x64
		Debug|x86 = Debug|x86
		Release|x64 = Release|x64
		Release|x86 = Release|x86
	EndGlobalSection
	GlobalSection(ProjectConfigurationPlatforms) = postSolution
		{C19D1FA8-F617-4002-94BA-866DB4538ED3}.Debug|x64.ActiveCfg = Debug|x64
		{C19D1FA8-F617-4002-94BA-866DB4538ED3}.Debug|x64.Build.0 = Debug|x64
		{C19D1FA8-F617-4002-94BA-866DB4538ED3}.Debug|x86.ActiveCfg = Debug|Win32
		{C19D1FA8-F617-4002-94BA-866DB4538ED3}.Debug|x86.Build.0 = Debug|Win32
		{C19D1FA8-F617-4002-94BA-866DB4538ED3}.Release|x64.ActiveCfg = Release|x64
		{C19D1FA8-F617-4002-94BA-866DB4538ED3}.Release|x64.Build.0 = Release|x64
		{C19D1FA8-F617-4002-94BA-866DB4538ED3}.Release|x86.ActiveCfg = Release|Win32
		{C19D1FA8-F617-4002-94BA-866DB4538ED3}.Release|x86.Build.0 = Release|Win32
		{7BDEB620-896B-44C6-A28F-E791C4792872}.Debug|x64.ActiveCfg = Debug|x64
		{7BDEB620-896B-44C6-A28F-E791C4792872}.Debug|x64.Build.0 = Debug|x64
		{7BDEB620-896B-44C6-A28F-E791C4792872}.Debug|x86.ActiveCfg = Debug|Win32
		{7BDEB620-896B-44C6-A28F-E791C4792872}.Debug|x86.Build.0 = Debug|Win32
		{7BDEB620-896B-44C6-A28F-E791C4792872}.Release|x64.ActiveCfg = Release|x64
		{7BDEB620-896B-44C6-A28F-E791C4792872}.Release|x64.Build.0 = Release|x64
		{7BDEB620-896B-44C6-A28F-E791C4792872}.Release|x86.ActiveCfg = Release|Win32
		{7BDEB620-896B-44C6-A28F-E791C4792872}.Release|x86.Build.0 = Release|Win32
	EndGlobalSection
	GlobalSection(SolutionProperties) = preSolution
		HideSolutionNode = FALSE
	EndGlobalSection
EndGlobal
